
Microsoft Visual Studio Solution File, Format Version 12.00
# Visual Studio Version 16
VisualStudioVersion = 16.0.30104.148
MinimumVisualStudioVersion = 10.0.40219.1
Project("{9A19103F-16F7-4668-BE54-9A1E7A4F7556}") = "BAProje.Entities", "BAProje.Entities\BAProje.Entities.csproj", "{76D3F094-CDF4-4D31-B250-137AE982BC9C}"
EndProject
Project("{9A19103F-16F7-4668-BE54-9A1E7A4F7556}") = "BaProje.DataAccess", "BaProje.DataAccess\BaProje.DataAccess.csproj", "{0B80834D-028E-4340-8971-0FD200FC8CE4}"
EndProject
Project("{9A19103F-16F7-4668-BE54-9A1E7A4F7556}") = "BaProje.Business", "BaProje.Business\BaProje.Business.csproj", "{23B8DEDD-89CC-4AD8-BA49-6105BDC2B284}"
EndProject
Project("{9A19103F-16F7-4668-BE54-9A1E7A4F7556}") = "BaProje.WebApi", "BaProje.WebApi\BaProje.WebApi.csproj", "{81B417A6-7327-4775-8E1C-33E5125F9A37}"
EndProject
Project("{9A19103F-16F7-4668-BE54-9A1E7A4F7556}") = "DTO", "DTO\DTO.csproj", "{C5A70CA3-F928-45FD-8D3F-75CD6C225D2A}"
EndProject
Global
	GlobalSection(SolutionConfigurationPlatforms) = preSolution
		Debug|Any CPU = Debug|Any CPU
		Release|Any CPU = Release|Any CPU
	EndGlobalSection
	GlobalSection(ProjectConfigurationPlatforms) = postSolution
		{76D3F094-CDF4-4D31-B250-137AE982BC9C}.Debug|Any CPU.ActiveCfg = Debug|Any CPU
		{76D3F094-CDF4-4D31-B250-137AE982BC9C}.Debug|Any CPU.Build.0 = Debug|Any CPU
		{76D3F094-CDF4-4D31-B250-137AE982BC9C}.Release|Any CPU.ActiveCfg = Release|Any CPU
		{76D3F094-CDF4-4D31-B250-137AE982BC9C}.Release|Any CPU.Build.0 = Release|Any CPU
		{0B80834D-028E-4340-8971-0FD200FC8CE4}.Debug|Any CPU.ActiveCfg = Debug|Any CPU
		{0B80834D-028E-4340-8971-0FD200FC8CE4}.Debug|Any CPU.Build.0 = Debug|Any CPU
		{0B80834D-028E-4340-8971-0FD200FC8CE4}.Release|Any CPU.ActiveCfg = Release|Any CPU
		{0B80834D-028E-4340-8971-0FD200FC8CE4}.Release|Any CPU.Build.0 = Release|Any CPU
		{23B8DEDD-89CC-4AD8-BA49-6105BDC2B284}.Debug|Any CPU.ActiveCfg = Debug|Any CPU
		{23B8DEDD-89CC-4AD8-BA49-6105BDC2B284}.Debug|Any CPU.Build.0 = Debug|Any CPU
		{23B8DEDD-89CC-4AD8-BA49-6105BDC2B284}.Release|Any CPU.ActiveCfg = Release|Any CPU
		{23B8DEDD-89CC-4AD8-BA49-6105BDC2B284}.Release|Any CPU.Build.0 = Release|Any CPU
		{81B417A6-7327-4775-8E1C-33E5125F9A37}.Debug|Any CPU.ActiveCfg = Debug|Any CPU
		{81B417A6-7327-4775-8E1C-33E5125F9A37}.Debug|Any CPU.Build.0 = Debug|Any CPU
		{81B417A6-7327-4775-8E1C-33E5125F9A37}.Release|Any CPU.ActiveCfg = Release|Any CPU
		{81B417A6-7327-4775-8E1C-33E5125F9A37}.Release|Any CPU.Build.0 = Release|Any CPU
		{C5A70CA3-F928-45FD-8D3F-75CD6C225D2A}.Debug|Any CPU.ActiveCfg = Debug|Any CPU
		{C5A70CA3-F928-45FD-8D3F-75CD6C225D2A}.Debug|Any CPU.Build.0 = Debug|Any CPU
		{C5A70CA3-F928-45FD-8D3F-75CD6C225D2A}.Release|Any CPU.ActiveCfg = Release|Any CPU
		{C5A70CA3-F928-45FD-8D3F-75CD6C225D2A}.Release|Any CPU.Build.0 = Release|Any CPU
	EndGlobalSection
	GlobalSection(SolutionProperties) = preSolution
		HideSolutionNode = FALSE
	EndGlobalSection
	GlobalSection(ExtensibilityGlobals) = postSolution
		SolutionGuid = {86B63855-D1DA-4DF1-8F49-62C5EA8BB5C3}
	EndGlobalSection
EndGlobal
